
Microsoft Visual Studio Solution File, Format Version 12.00
# Visual Studio Version 17
VisualStudioVersion = 17.7.34031.279
MinimumVisualStudioVersion = 10.0.40219.1
Project("{9A19103F-16F7-4668-BE54-9A1E7A4F7556}") = "E_Commerce_Server", "E_Commerce_Server\E_Commerce_Server.csproj", "{B34BB250-4C2C-428E-A31E-040D4226651C}"
EndProject
Project("{9A19103F-16F7-4668-BE54-9A1E7A4F7556}") = "E_Commerce_Client", "E_Commerce_Client\E_Commerce_Client.csproj", "{4503416C-E604-4177-B0AA-84FE2C78BC41}"
EndProject
Project("{9A19103F-16F7-4668-BE54-9A1E7A4F7556}") = "E_Commerce_Models", "E_Commerce_Models\E_Commerce_Models.csproj", "{DE96463F-97FC-463B-B94D-8644FA97CEC8}"
EndProject
Project("{9A19103F-16F7-4668-BE54-9A1E7A4F7556}") = "E_Commerce_Bussiness", "E_Commerce_Bussiness\E_Commerce_Bussiness.csproj", "{261A37E1-A81E-46D2-B9FD-8887EF5BAAE2}"
EndProject
Project("{9A19103F-16F7-4668-BE54-9A1E7A4F7556}") = "E_Commerce_Common", "E_Commerce_Common\E_Commerce_Common.csproj", "{C25F9945-D9F2-46BA-A03C-F506A5B1746B}"
EndProject
Project("{9A19103F-16F7-4668-BE54-9A1E7A4F7556}") = "E_Commerce_DataAccess", "E_Commerce_DataAccess\E_Commerce_DataAccess.csproj", "{B837215E-31A5-44AA-AB34-C1F6E311C2EA}"
EndProject
Project("{9A19103F-16F7-4668-BE54-9A1E7A4F7556}") = "E_Commerce_API", "E_Commerce_API\E_Commerce_API.csproj", "{B442F5D7-DE6C-4931-B831-8CF4BE8E93F6}"
EndProject
Global
	GlobalSection(SolutionConfigurationPlatforms) = preSolution
		Debug|Any CPU = Debug|Any CPU
		Release|Any CPU = Release|Any CPU
	EndGlobalSection
	GlobalSection(ProjectConfigurationPlatforms) = postSolution
		{B34BB250-4C2C-428E-A31E-040D4226651C}.Debug|Any CPU.ActiveCfg = Debug|Any CPU
		{B34BB250-4C2C-428E-A31E-040D4226651C}.Debug|Any CPU.Build.0 = Debug|Any CPU
		{B34BB250-4C2C-428E-A31E-040D4226651C}.Release|Any CPU.ActiveCfg = Release|Any CPU
		{B34BB250-4C2C-428E-A31E-040D4226651C}.Release|Any CPU.Build.0 = Release|Any CPU
		{4503416C-E604-4177-B0AA-84FE2C78BC41}.Debug|Any CPU.ActiveCfg = Debug|Any CPU
		{4503416C-E604-4177-B0AA-84FE2C78BC41}.Debug|Any CPU.Build.0 = Debug|Any CPU
		{4503416C-E604-4177-B0AA-84FE2C78BC41}.Release|Any CPU.ActiveCfg = Release|Any CPU
		{4503416C-E604-4177-B0AA-84FE2C78BC41}.Release|Any CPU.Build.0 = Release|Any CPU
		{DE96463F-97FC-463B-B94D-8644FA97CEC8}.Debug|Any CPU.ActiveCfg = Debug|Any CPU
		{DE96463F-97FC-463B-B94D-8644FA97CEC8}.Debug|Any CPU.Build.0 = Debug|Any CPU
		{DE96463F-97FC-463B-B94D-8644FA97CEC8}.Release|Any CPU.ActiveCfg = Release|Any CPU
		{DE96463F-97FC-463B-B94D-8644FA97CEC8}.Release|Any CPU.Build.0 = Release|Any CPU
		{261A37E1-A81E-46D2-B9FD-8887EF5BAAE2}.Debug|Any CPU.ActiveCfg = Debug|Any CPU
		{261A37E1-A81E-46D2-B9FD-8887EF5BAAE2}.Debug|Any CPU.Build.0 = Debug|Any CPU
		{261A37E1-A81E-46D2-B9FD-8887EF5BAAE2}.Release|Any CPU.ActiveCfg = Release|Any CPU
		{261A37E1-A81E-46D2-B9FD-8887EF5BAAE2}.Release|Any CPU.Build.0 = Release|Any CPU
		{C25F9945-D9F2-46BA-A03C-F506A5B1746B}.Debug|Any CPU.ActiveCfg = Debug|Any CPU
		{C25F9945-D9F2-46BA-A03C-F506A5B1746B}.Debug|Any CPU.Build.0 = Debug|Any CPU
		{C25F9945-D9F2-46BA-A03C-F506A5B1746B}.Release|Any CPU.ActiveCfg = Release|Any CPU
		{C25F9945-D9F2-46BA-A03C-F506A5B1746B}.Release|Any CPU.Build.0 = Release|Any CPU
		{B837215E-31A5-44AA-AB34-C1F6E311C2EA}.Debug|Any CPU.ActiveCfg = Debug|Any CPU
		{B837215E-31A5-44AA-AB34-C1F6E311C2EA}.Debug|Any CPU.Build.0 = Debug|Any CPU
		{B837215E-31A5-44AA-AB34-C1F6E311C2EA}.Release|Any CPU.ActiveCfg = Release|Any CPU
		{B837215E-31A5-44AA-AB34-C1F6E311C2EA}.Release|Any CPU.Build.0 = Release|Any CPU
		{B442F5D7-DE6C-4931-B831-8CF4BE8E93F6}.Debug|Any CPU.ActiveCfg = Debug|Any CPU
		{B442F5D7-DE6C-4931-B831-8CF4BE8E93F6}.Debug|Any CPU.Build.0 = Debug|Any CPU
		{B442F5D7-DE6C-4931-B831-8CF4BE8E93F6}.Release|Any CPU.ActiveCfg = Release|Any CPU
		{B442F5D7-DE6C-4931-B831-8CF4BE8E93F6}.Release|Any CPU.Build.0 = Release|Any CPU
	EndGlobalSection
	GlobalSection(SolutionProperties) = preSolution
		HideSolutionNode = FALSE
	EndGlobalSection
	GlobalSection(ExtensibilityGlobals) = postSolution
		SolutionGuid = {D111100C-992F-4290-BB2E-FBB0F5C63CDD}
	EndGlobalSection
EndGlobal
